PODS:
  - Backbase (10.3.2):
    - BackbaseSDKSwiftWrapper (~> 1.2)
  - BackbaseSDKSwiftWrapper (1.2.1):
    - BackbaseSecureStorage (~> 1.1.2)
  - BackbaseSecureStorage (1.1.7)
  - SwiftLint (0.57.1)

DEPENDENCIES:
  - Backbase (~> 10.0)
  - SwiftLint

SPEC REPOS:
  https://repo.backbase.com/artifactory/api/pods/pods/:
    - Backbase
    - BackbaseSDKSwiftWrapper
    - BackbaseSecureStorage
  trunk:
    - SwiftLint

SPEC CHECKSUMS:
  Backbase: 2cf50ff7599f6cd9b43fa033e7c34ae8a5f0e3b1
  BackbaseSDKSwiftWrapper: f31c69ed59121faaf2a59e1a89fa9af8930123dc
  BackbaseSecureStorage: ef5b686056fc1b442f4fcd875a030c1d7cd8cf6e
  SwiftLint: 92196976e597b9afec5dbe374810103e6c1d9d7c

PODFILE CHECKSUM: 108060399a7c75b04ce7f58cf244d11f2b4ea314

COCOAPODS: 1.16.2
